
Microsoft Visual Studio Solution File, Format Version 12.00
# Visual Studio Version 16
VisualStudioVersion = 16.0.30128.74
MinimumVisualStudioVersion = 10.0.40219.1
Project("{9A19103F-16F7-4668-BE54-9A1E7A4F7556}") = "frontendapi_bikeshop", "frontendapi_bikeshop.csproj", "{E554E6E5-8721-43DA-886E-01A23A9016DD}"
EndProject
Global
	GlobalSection(SolutionConfigurationPlatforms) = preSolution
		Debug|Any CPU = Debug|Any CPU
		Release|Any CPU = Release|Any CPU
	EndGlobalSection
	GlobalSection(ProjectConfigurationPlatforms) = postSolution
		{E554E6E5-8721-43DA-886E-01A23A9016DD}.Debug|Any CPU.ActiveCfg = Debug|Any CPU
		{E554E6E5-8721-43DA-886E-01A23A9016DD}.Debug|Any CPU.Build.0 = Debug|Any CPU
		{E554E6E5-8721-43DA-886E-01A23A9016DD}.Release|Any CPU.ActiveCfg = Release|Any CPU
		{E554E6E5-8721-43DA-886E-01A23A9016DD}.Release|Any CPU.Build.0 = Release|Any CPU
	EndGlobalSection
	GlobalSection(SolutionProperties) = preSolution
		HideSolutionNode = FALSE
	EndGlobalSection
	GlobalSection(ExtensibilityGlobals) = postSolution
		SolutionGuid = {D5DE91B1-A8BF-4B86-920D-4496BD8D589F}
	EndGlobalSection
EndGlobal
